Microsoft Visual Studio Solution File, Format Version 12.00
# Visual Studio Version 17
VisualStudioVersion = 17.5.2.0
MinimumVisualStudioVersion = 10.0.40219.1
Project("{FAE04EC0-301F-11D3-BF4B-00C04F79EFBC}") = "GridBasics.Tests", "GridBasics.Tests\GridBasics.Tests.csproj", "{03687085-7368-CF09-3C6A-AB7BF7ED360A}"
EndProject
Global
	GlobalSection(SolutionConfigurationPlatforms) = preSolution
		Debug|Any CPU = Debug|Any CPU
		Release|Any CPU = Release|Any CPU
	EndGlobalSection
	GlobalSection(ProjectConfigurationPlatforms) = postSolution
		{03687085-7368-CF09-3C6A-AB7BF7ED360A}.Debug|Any CPU.ActiveCfg = Debug|Any CPU
		{03687085-7368-CF09-3C6A-AB7BF7ED360A}.Debug|Any CPU.Build.0 = Debug|Any CPU
		{03687085-7368-CF09-3C6A-AB7BF7ED360A}.Release|Any CPU.ActiveCfg = Release|Any CPU
		{03687085-7368-CF09-3C6A-AB7BF7ED360A}.Release|Any CPU.Build.0 = Release|Any CPU
	EndGlobalSection
	GlobalSection(SolutionProperties) = preSolution
		HideSolutionNode = FALSE
	EndGlobalSection
	GlobalSection(ExtensibilityGlobals) = postSolution
		SolutionGuid = {51F9EC38-8D3E-4B0D-A893-8C4443B95CB8}
	EndGlobalSection
EndGlobal
